
Microsoft Visual Studio Solution File, Format Version 12.00
# Visual Studio Version 16
VisualStudioVersion = 16.0.30309.148
MinimumVisualStudioVersion = 10.0.40219.1
Project("{FAE04EC0-301F-11D3-BF4B-00C04F79EFBC}") = "CSBasic", "CSBasic\CSBasic.csproj", "{B7CE6BD9-BC9A-489B-A2CC-8557E9A1A077}"
EndProject
Global
	GlobalSection(SolutionConfigurationPlatforms) = preSolution
		Debug|Any CPU = Debug|Any CPU
		Release|Any CPU = Release|Any CPU
	EndGlobalSection
	GlobalSection(ProjectConfigurationPlatforms) = postSolution
		{B7CE6BD9-BC9A-489B-A2CC-8557E9A1A077}.Debug|Any CPU.ActiveCfg = Debug|Any CPU
		{B7CE6BD9-BC9A-489B-A2CC-8557E9A1A077}.Debug|Any CPU.Build.0 = Debug|Any CPU
		{B7CE6BD9-BC9A-489B-A2CC-8557E9A1A077}.Release|Any CPU.ActiveCfg = Release|Any CPU
		{B7CE6BD9-BC9A-489B-A2CC-8557E9A1A077}.Release|Any CPU.Build.0 = Release|Any CPU
	EndGlobalSection
	GlobalSection(SolutionProperties) = preSolution
		HideSolutionNode = FALSE
	EndGlobalSection
	GlobalSection(ExtensibilityGlobals) = postSolution
		SolutionGuid = {444FCE26-7C81-4B7D-B22C-CD1ABE1DD628}
	EndGlobalSection
EndGlobal
