
Microsoft Visual Studio Solution File, Format Version 12.00
# Visual Studio Version 16
VisualStudioVersion = 16.0.31205.134
MinimumVisualStudioVersion = 10.0.40219.1
Project("{FAE04EC0-301F-11D3-BF4B-00C04F79EFBC}") = "WindowsFormsApp1", "WindowsFormsApp1\WindowsFormsApp1.csproj", "{A1750179-ABC4-4AEF-B537-327B45191F7D}"
EndProject
Global
	GlobalSection(SolutionConfigurationPlatforms) = preSolution
		Debug|Any CPU = Debug|Any CPU
		Release|Any CPU = Release|Any CPU
	EndGlobalSection
	GlobalSection(ProjectConfigurationPlatforms) = postSolution
		{A1750179-ABC4-4AEF-B537-327B45191F7D}.Debug|Any CPU.ActiveCfg = Debug|Any CPU
		{A1750179-ABC4-4AEF-B537-327B45191F7D}.Debug|Any CPU.Build.0 = Debug|Any CPU
		{A1750179-ABC4-4AEF-B537-327B45191F7D}.Release|Any CPU.ActiveCfg = Release|Any CPU
		{A1750179-ABC4-4AEF-B537-327B45191F7D}.Release|Any CPU.Build.0 = Release|Any CPU
	EndGlobalSection
	GlobalSection(SolutionProperties) = preSolution
		HideSolutionNode = FALSE
	EndGlobalSection
	GlobalSection(ExtensibilityGlobals) = postSolution
		SolutionGuid = {BBEAF71A-5258-4FEC-B3F7-3A9012BD5080}
	EndGlobalSection
EndGlobal
